{
  "object": {
    "pins": [
      {
        "package": "PureduxStore",
        "repositoryURL": "https://github.com/KazaiMazai/PureduxStore.git",
        "state": {
          "branch": null,
          "revision": "688c077b0a0285d3e7b79b3965d78c8fed4bd561",
          "version": "1.0.0-beta.2"
        }
      }
    ]
  },
  "version": 1
}
