{
  "object": {
    "pins": [
      {
        "package": "PureduxStore",
        "repositoryURL": "https://github.com/KazaiMazai/PureduxStore.git",
        "state": {
          "branch": "dev",
          "revision": "10803d8375f57fc6e2e2ee772eafb4a2f0d3d08e",
          "version": null
        }
      }
    ]
  },
  "version": 1
}
